// !$*UTF8*$!
{
	archiveVersion = 1;
	classes = {
	};
	objectVersion = 50;
	objects = {

/* Begin PBXBuildFile section */
		5E4741DB27181B24001E0E11 /* xStickerApp.swift in Sources */ = {isa = PBXBuildFile; fileRef = 5E4741DA27181B24001E0E11 /* xStickerApp.swift */; };
		5E4741DD27181B24001E0E11 /* ContentView.swift in Sources */ = {isa = PBXBuildFile; fileRef = 5E4741DC27181B24001E0E11 /* ContentView.swift */; };
		5E4741DF27181B25001E0E11 /* Assets.xcassets in Resources */ = {isa = PBXBuildFile; fileRef = 5E4741DE27181B25001E0E11 /* Assets.xcassets */; };
		5E4741E227181B25001E0E11 /* Preview Assets.xcassets in Resources */ = {isa = PBXBuildFile; fileRef = 5E4741E127181B25001E0E11 /* Preview Assets.xcassets */; };
		5E4741E427181B25001E0E11 /* Persistence.swift in Sources */ = {isa = PBXBuildFile; fileRef = 5E4741E327181B25001E0E11 /* Persistence.swift */; };
		5E4741E727181B25001E0E11 /* xSticker.xcdatamodeld in Sources */ = {isa = PBXBuildFile; fileRef = 5E4741E527181B25001E0E11 /* xSticker.xcdatamodeld */; };
		5E4741F5271824CE001E0E11 /* Messages.framework in Frameworks */ = {isa = PBXBuildFile; fileRef = 5E4741F4271824CE001E0E11 /* Messages.framework */; };
		5E4741F8271824CE001E0E11 /* MessagesViewController.swift in Sources */ = {isa = PBXBuildFile; fileRef = 5E4741F7271824CE001E0E11 /* MessagesViewController.swift */; };
		5E4741FB271824CE001E0E11 /* MainInterface.storyboard in Resources */ = {isa = PBXBuildFile; fileRef = 5E4741F9271824CE001E0E11 /* MainInterface.storyboard */; };
		5E4741FD271824D0001E0E11 /* Assets.xcassets in Resources */ = {isa = PBXBuildFile; fileRef = 5E4741FC271824D0001E0E11 /* Assets.xcassets */; };
		5E474201271824D0001E0E11 /* iMsgExtPart.appex in Embed App Extensions */ = {isa = PBXBuildFile; fileRef = 5E4741F2271824CE001E0E11 /* iMsgExtPart.appex */; settings = {ATTRIBUTES = (RemoveHeadersOnCopy, ); }; };
		5E474208271825AF001E0E11 /* CustomStickerView.swift in Sources */ = {isa = PBXBuildFile; fileRef = 5E474206271825AF001E0E11 /* CustomStickerView.swift */; };
		5E47420A2718386F001E0E11 /* MessagesViewController.swift in Sources */ = {isa = PBXBuildFile; fileRef = 5E4741F7271824CE001E0E11 /* MessagesViewController.swift */; };
		5E47420B27183878001E0E11 /* CustomStickerView.swift in Sources */ = {isa = PBXBuildFile; fileRef = 5E474206271825AF001E0E11 /* CustomStickerView.swift */; };
		5E47420C271838F8001E0E11 /* Persistence.swift in Sources */ = {isa = PBXBuildFile; fileRef = 5E4741E327181B25001E0E11 /* Persistence.swift */; };
		5E47420D2718392A001E0E11 /* xSticker.xcdatamodeld in Sources */ = {isa = PBXBuildFile; fileRef = 5E4741E527181B25001E0E11 /* xSticker.xcdatamodeld */; };
		5E474211271848DD001E0E11 /* CloudKit.framework in Frameworks */ = {isa = PBXBuildFile; fileRef = 5E474210271848DD001E0E11 /* CloudKit.framework */; };
		5E474212271856FB001E0E11 /* CloudKit.framework in Frameworks */ = {isa = PBXBuildFile; fileRef = 5E474210271848DD001E0E11 /* CloudKit.framework */; };
		5E8686E62718A51C00A65DF4 /* Persistence+Operate.swift in Sources */ = {isa = PBXBuildFile; fileRef = 5E8686E52718A51C00A65DF4 /* Persistence+Operate.swift */; };
		5E8686EB2719764100A65DF4 /* StickerManager.swift in Sources */ = {isa = PBXBuildFile; fileRef = 5E8686EA2719764100A65DF4 /* StickerManager.swift */; };
		5E8686EC2719764100A65DF4 /* StickerManager.swift in Sources */ = {isa = PBXBuildFile; fileRef = 5E8686EA2719764100A65DF4 /* StickerManager.swift */; };
		5E8686F22719E5EA00A65DF4 /* Assets.xcassets in Resources */ = {isa = PBXBuildFile; fileRef = 5E8686F12719E5EA00A65DF4 /* Assets.xcassets */; };
		5E8686F32719E5EA00A65DF4 /* Assets.xcassets in Resources */ = {isa = PBXBuildFile; fileRef = 5E8686F12719E5EA00A65DF4 /* Assets.xcassets */; };
		5E8686F9271A052700A65DF4 /* ImagePickerView.swift in Sources */ = {isa = PBXBuildFile; fileRef = 5E8686F7271A052700A65DF4 /* ImagePickerView.swift */; };
		5E8686FA271A052700A65DF4 /* ImagePickerView.swift in Sources */ = {isa = PBXBuildFile; fileRef = 5E8686F7271A052700A65DF4 /* ImagePickerView.swift */; };
		5E8686FB271A052700A65DF4 /* UIImagePickerView.swift in Sources */ = {isa = PBXBuildFile; fileRef = 5E8686F8271A052700A65DF4 /* UIImagePickerView.swift */; };
		5E8686FC271A052700A65DF4 /* UIImagePickerView.swift in Sources */ = {isa = PBXBuildFile; fileRef = 5E8686F8271A052700A65DF4 /* UIImagePickerView.swift */; };
		5EB9225A271AC10200A2CF7B /* AuxTool.swift in Sources */ = {isa = PBXBuildFile; fileRef = 5EB92259271AC10200A2CF7B /* AuxTool.swift */; };
		5EB9225B271AC10200A2CF7B /* AuxTool.swift in Sources */ = {isa = PBXBuildFile; fileRef = 5EB92259271AC10200A2CF7B /* AuxTool.swift */; };
		5EB9227D271C060E00A2CF7B /* tempLogo.png in Resources */ = {isa = PBXBuildFile; fileRef = 5EB9227C271C060E00A2CF7B /* tempLogo.png */; };
		5EB9227E271C060E00A2CF7B /* tempLogo.png in Resources */ = {isa = PBXBuildFile; fileRef = 5EB9227C271C060E00A2CF7B /* tempLogo.png */; };
		5EB9228E271D2BD800A2CF7B /* Localizable.strings in Resources */ = {isa = PBXBuildFile; fileRef = 5EB92291271D2BD800A2CF7B /* Localizable.strings */; };
		5EB9228F271D2BD800A2CF7B /* Localizable.strings in Resources */ = {isa = PBXBuildFile; fileRef = 5EB92291271D2BD800A2CF7B /* Localizable.strings */; };
		5EB92293271D883000A2CF7B /* Persistence+Operate.swift in Sources */ = {isa = PBXBuildFile; fileRef = 5E8686E52718A51C00A65DF4 /* Persistence+Operate.swift */; };
/* End PBXBuildFile section */

/* Begin PBXContainerItemProxy section */
		5E4741FF271824D0001E0E11 /* PBXContainerItemProxy */ = {
			isa = PBXContainerItemProxy;
			containerPortal = 5E4741CF27181B24001E0E11 /* Project object */;
			proxyType = 1;
			remoteGlobalIDString = 5E4741F1271824CE001E0E11;
			remoteInfo = iMsgExtPart;
		};
/* End PBXContainerItemProxy section */

/* Begin PBXCopyFilesBuildPhase section */
		5E474205271824D0001E0E11 /* Embed App Extensions */ = {
			isa = PBXCopyFilesBuildPhase;
			buildActionMask = 2147483647;
			dstPath = "";
			dstSubfolderSpec = 13;
			files = (
				5E474201271824D0001E0E11 /* iMsgExtPart.appex in Embed App Extensions */,
			);
			name = "Embed App Extensions";
			runOnlyForDeploymentPostprocessing = 0;
		};
/* End PBXCopyFilesBuildPhase section */

/* Begin PBXFileReference section */
		5E4741D727181B24001E0E11 /* xSticker.app */ = {isa = PBXFileReference; explicitFileType = wrapper.application; includeInIndex = 0; path = xSticker.app; sourceTree = BUILT_PRODUCTS_DIR; };
		5E4741DA27181B24001E0E11 /* xStickerApp.swift */ = {isa = PBXFileReference; lastKnownFileType = sourcecode.swift; path = xStickerApp.swift; sourceTree = "<group>"; };
		5E4741DC27181B24001E0E11 /* ContentView.swift */ = {isa = PBXFileReference; lastKnownFileType = sourcecode.swift; path = ContentView.swift; sourceTree = "<group>"; };
		5E4741DE27181B25001E0E11 /* Assets.xcassets */ = {isa = PBXFileReference; lastKnownFileType = folder.assetcatalog; path = Assets.xcassets; sourceTree = "<group>"; };
		5E4741E127181B25001E0E11 /* Preview Assets.xcassets */ = {isa = PBXFileReference; lastKnownFileType = folder.assetcatalog; path = "Preview Assets.xcassets"; sourceTree = "<group>"; };
		5E4741E327181B25001E0E11 /* Persistence.swift */ = {isa = PBXFileReference; lastKnownFileType = sourcecode.swift; path = Persistence.swift; sourceTree = "<group>"; };
		5E4741E627181B25001E0E11 /* xSticker.xcdatamodel */ = {isa = PBXFileReference; lastKnownFileType = wrapper.xcdatamodel; path = xSticker.xcdatamodel; sourceTree = "<group>"; };
		5E4741E827181B25001E0E11 /* Info.plist */ = {isa = PBXFileReference; lastKnownFileType = text.plist.xml; path = Info.plist; sourceTree = "<group>"; };
		5E4741F2271824CE001E0E11 /* iMsgExtPart.appex */ = {isa = PBXFileReference; explicitFileType = "wrapper.app-extension"; includeInIndex = 0; path = iMsgExtPart.appex; sourceTree = BUILT_PRODUCTS_DIR; };
		5E4741F4271824CE001E0E11 /* Messages.framework */ = {isa = PBXFileReference; lastKnownFileType = wrapper.framework; name = Messages.framework; path = System/Library/Frameworks/Messages.framework; sourceTree = SDKROOT; };
		5E4741F7271824CE001E0E11 /* MessagesViewController.swift */ = {isa = PBXFileReference; lastKnownFileType = sourcecode.swift; path = MessagesViewController.swift; sourceTree = "<group>"; };
		5E4741FA271824CE001E0E11 /* Base */ = {isa = PBXFileReference; lastKnownFileType = file.storyboard; name = Base; path = Base.lproj/MainInterface.storyboard; sourceTree = "<group>"; };
		5E4741FC271824D0001E0E11 /* Assets.xcassets */ = {isa = PBXFileReference; lastKnownFileType = folder.assetcatalog; path = Assets.xcassets; sourceTree = "<group>"; };
		5E4741FE271824D0001E0E11 /* Info.plist */ = {isa = PBXFileReference; lastKnownFileType = text.plist.xml; path = Info.plist; sourceTree = "<group>"; };
		5E474206271825AF001E0E11 /* CustomStickerView.swift */ = {isa = PBXFileReference; lastKnownFileType = sourcecode.swift; path = CustomStickerView.swift; sourceTree = "<group>"; };
		5E47420E271840E4001E0E11 /* xSticker.entitlements */ = {isa = PBXFileReference; lastKnownFileType = text.plist.entitlements; path = xSticker.entitlements; sourceTree = "<group>"; };
		5E47420F271840FF001E0E11 /* iMsgExtPart.entitlements */ = {isa = PBXFileReference; lastKnownFileType = text.plist.entitlements; path = iMsgExtPart.entitlements; sourceTree = "<group>"; };
		5E474210271848DD001E0E11 /* CloudKit.framework */ = {isa = PBXFileReference; lastKnownFileType = wrapper.framework; name = CloudKit.framework; path = System/Library/Frameworks/CloudKit.framework; sourceTree = SDKROOT; };
		5E8686E52718A51C00A65DF4 /* Persistence+Operate.swift */ = {isa = PBXFileReference; lastKnownFileType = sourcecode.swift; path = "Persistence+Operate.swift"; sourceTree = "<group>"; };
		5E8686EA2719764100A65DF4 /* StickerManager.swift */ = {isa = PBXFileReference; lastKnownFileType = sourcecode.swift; path = StickerManager.swift; sourceTree = "<group>"; };
		5E8686F12719E5EA00A65DF4 /* Assets.xcassets */ = {isa = PBXFileReference; lastKnownFileType = folder.assetcatalog; path = Assets.xcassets; sourceTree = "<group>"; };
		5E8686F7271A052700A65DF4 /* ImagePickerView.swift */ = {isa = PBXFileReference; fileEncoding = 4; lastKnownFileType = sourcecode.swift; path = ImagePickerView.swift; sourceTree = "<group>"; };
		5E8686F8271A052700A65DF4 /* UIImagePickerView.swift */ = {isa = PBXFileReference; fileEncoding = 4; lastKnownFileType = sourcecode.swift; path = UIImagePickerView.swift; sourceTree = "<group>"; };
		5EB92259271AC10200A2CF7B /* AuxTool.swift */ = {isa = PBXFileReference; lastKnownFileType = sourcecode.swift; path = AuxTool.swift; sourceTree = "<group>"; };
		5EB9227C271C060E00A2CF7B /* tempLogo.png */ = {isa = PBXFileReference; lastKnownFileType = image.png; path = tempLogo.png; sourceTree = "<group>"; };
		5EB92290271D2BD800A2CF7B /* en */ = {isa = PBXFileReference; lastKnownFileType = text.plist.strings; name = en; path = en.lproj/Localizable.strings; sourceTree = "<group>"; };
		5EB92292271D2BE700A2CF7B /* zh-Hans */ = {isa = PBXFileReference; lastKnownFileType = text.plist.strings; name = "zh-Hans"; path = "zh-Hans.lproj/Localizable.strings"; sourceTree = "<group>"; };
/* End PBXFileReference section */

/* Begin PBXFrameworksBuildPhase section */
		5E4741D427181B24001E0E11 /* Frameworks */ = {
			isa = PBXFrameworksBuildPhase;
			buildActionMask = 2147483647;
			files = (
				5E474211271848DD001E0E11 /* CloudKit.framework in Frameworks */,
			);
			runOnlyForDeploymentPostprocessing = 0;
		};
		5E4741EF271824CE001E0E11 /* Frameworks */ = {
			isa = PBXFrameworksBuildPhase;
			buildActionMask = 2147483647;
			files = (
				5E4741F5271824CE001E0E11 /* Messages.framework in Frameworks */,
				5E474212271856FB001E0E11 /* CloudKit.framework in Frameworks */,
			);
			runOnlyForDeploymentPostprocessing = 0;
		};
/* End PBXFrameworksBuildPhase section */

/* Begin PBXGroup section */
		5E4741CE27181B24001E0E11 = {
			isa = PBXGroup;
			children = (
				5E8686F6271A052700A65DF4 /* ImagePickerView */,
				5E8686ED2719764B00A65DF4 /* Shared */,
				5E4741D927181B24001E0E11 /* xSticker */,
				5E4741F6271824CE001E0E11 /* iMsgExtPart */,
				5E4741F3271824CE001E0E11 /* Frameworks */,
				5E4741D827181B24001E0E11 /* Products */,
			);
			sourceTree = "<group>";
		};
		5E4741D827181B24001E0E11 /* Products */ = {
			isa = PBXGroup;
			children = (
				5E4741D727181B24001E0E11 /* xSticker.app */,
				5E4741F2271824CE001E0E11 /* iMsgExtPart.appex */,
			);
			name = Products;
			sourceTree = "<group>";
		};
		5E4741D927181B24001E0E11 /* xSticker */ = {
			isa = PBXGroup;
			children = (
				5E47420E271840E4001E0E11 /* xSticker.entitlements */,
				5E4741DA27181B24001E0E11 /* xStickerApp.swift */,
				5E4741DC27181B24001E0E11 /* ContentView.swift */,
				5E4741DE27181B25001E0E11 /* Assets.xcassets */,
				5E4741E327181B25001E0E11 /* Persistence.swift */,
				5E8686E52718A51C00A65DF4 /* Persistence+Operate.swift */,
				5E4741E827181B25001E0E11 /* Info.plist */,
				5E4741E527181B25001E0E11 /* xSticker.xcdatamodeld */,
				5E4741E027181B25001E0E11 /* Preview Content */,
			);
			path = xSticker;
			sourceTree = "<group>";
		};
		5E4741E027181B25001E0E11 /* Preview Content */ = {
			isa = PBXGroup;
			children = (
				5E4741E127181B25001E0E11 /* Preview Assets.xcassets */,
			);
			path = "Preview Content";
			sourceTree = "<group>";
		};
		5E4741F3271824CE001E0E11 /* Frameworks */ = {
			isa = PBXGroup;
			children = (
				5E474210271848DD001E0E11 /* CloudKit.framework */,
				5E4741F4271824CE001E0E11 /* Messages.framework */,
			);
			name = Frameworks;
			sourceTree = "<group>";
		};
		5E4741F6271824CE001E0E11 /* iMsgExtPart */ = {
			isa = PBXGroup;
			children = (
				5E47421327185DC0001E0E11 /* TmpStickers */,
				5E47420F271840FF001E0E11 /* iMsgExtPart.entitlements */,
				5E4741F7271824CE001E0E11 /* MessagesViewController.swift */,
				5E474206271825AF001E0E11 /* CustomStickerView.swift */,
				5E4741F9271824CE001E0E11 /* MainInterface.storyboard */,
				5E4741FC271824D0001E0E11 /* Assets.xcassets */,
				5E4741FE271824D0001E0E11 /* Info.plist */,
			);
			path = iMsgExtPart;
			sourceTree = "<group>";
		};
		5E47421327185DC0001E0E11 /* TmpStickers */ = {
			isa = PBXGroup;
			children = (
				5EB9227C271C060E00A2CF7B /* tempLogo.png */,
			);
			path = TmpStickers;
			sourceTree = "<group>";
		};
		5E8686ED2719764B00A65DF4 /* Shared */ = {
			isa = PBXGroup;
			children = (
				5E8686EA2719764100A65DF4 /* StickerManager.swift */,
				5E8686F12719E5EA00A65DF4 /* Assets.xcassets */,
				5EB92259271AC10200A2CF7B /* AuxTool.swift */,
				5EB92291271D2BD800A2CF7B /* Localizable.strings */,
			);
			path = Shared;
			sourceTree = "<group>";
		};
		5E8686F6271A052700A65DF4 /* ImagePickerView */ = {
			isa = PBXGroup;
			children = (
				5E8686F7271A052700A65DF4 /* ImagePickerView.swift */,
				5E8686F8271A052700A65DF4 /* UIImagePickerView.swift */,
			);
			path = ImagePickerView;
			sourceTree = "<group>";
		};
/* End PBXGroup section */

/* Begin PBXNativeTarget section */
		5E4741D627181B24001E0E11 /* xSticker */ = {
			isa = PBXNativeTarget;
			buildConfigurationList = 5E4741EB27181B25001E0E11 /* Build configuration list for PBXNativeTarget "xSticker" */;
			buildPhases = (
				5E4741D327181B24001E0E11 /* Sources */,
				5E4741D427181B24001E0E11 /* Frameworks */,
				5E4741D527181B24001E0E11 /* Resources */,
				5E474205271824D0001E0E11 /* Embed App Extensions */,
			);
			buildRules = (
			);
			dependencies = (
				5E474200271824D0001E0E11 /* PBXTargetDependency */,
			);
			name = xSticker;
			packageProductDependencies = (
			);
			productName = xSticker;
			productReference = 5E4741D727181B24001E0E11 /* xSticker.app */;
			productType = "com.apple.product-type.application";
		};
		5E4741F1271824CE001E0E11 /* iMsgExtPart */ = {
			isa = PBXNativeTarget;
			buildConfigurationList = 5E474202271824D0001E0E11 /* Build configuration list for PBXNativeTarget "iMsgExtPart" */;
			buildPhases = (
				5E4741EE271824CE001E0E11 /* Sources */,
				5E4741EF271824CE001E0E11 /* Frameworks */,
				5E4741F0271824CE001E0E11 /* Resources */,
			);
			buildRules = (
			);
			dependencies = (
			);
			name = iMsgExtPart;
			productName = iMsgExtPart;
			productReference = 5E4741F2271824CE001E0E11 /* iMsgExtPart.appex */;
			productType = "com.apple.product-type.app-extension.messages";
		};
/* End PBXNativeTarget section */

/* Begin PBXProject section */
		5E4741CF27181B24001E0E11 /* Project object */ = {
			isa = PBXProject;
			attributes = {
				KnownAssetTags = (
					Stickers,
				);
				LastSwiftUpdateCheck = 1250;
				LastUpgradeCheck = 1250;
				TargetAttributes = {
					5E4741D627181B24001E0E11 = {
						CreatedOnToolsVersion = 12.5.1;
					};
					5E4741F1271824CE001E0E11 = {
						CreatedOnToolsVersion = 12.5.1;
					};
				};
			};
			buildConfigurationList = 5E4741D227181B24001E0E11 /* Build configuration list for PBXProject "xSticker" */;
			compatibilityVersion = "Xcode 9.3";
			developmentRegion = en;
			hasScannedForEncodings = 0;
			knownRegions = (
				en,
				Base,
				"zh-Hans",
			);
			mainGroup = 5E4741CE27181B24001E0E11;
			packageReferences = (
			);
			productRefGroup = 5E4741D827181B24001E0E11 /* Products */;
			projectDirPath = "";
			projectRoot = "";
			targets = (
				5E4741D627181B24001E0E11 /* xSticker */,
				5E4741F1271824CE001E0E11 /* iMsgExtPart */,
			);
		};
/* End PBXProject section */

/* Begin PBXResourcesBuildPhase section */
		5E4741D527181B24001E0E11 /* Resources */ = {
			isa = PBXResourcesBuildPhase;
			buildActionMask = 2147483647;
			files = (
				5EB9227D271C060E00A2CF7B /* tempLogo.png in Resources */,
				5E4741E227181B25001E0E11 /* Preview Assets.xcassets in Resources */,
				5E8686F22719E5EA00A65DF4 /* Assets.xcassets in Resources */,
				5E4741DF27181B25001E0E11 /* Assets.xcassets in Resources */,
				5EB9228E271D2BD800A2CF7B /* Localizable.strings in Resources */,
			);
			runOnlyForDeploymentPostprocessing = 0;
		};
		5E4741F0271824CE001E0E11 /* Resources */ = {
			isa = PBXResourcesBuildPhase;
			buildActionMask = 2147483647;
			files = (
				5EB9227E271C060E00A2CF7B /* tempLogo.png in Resources */,
				5E4741FD271824D0001E0E11 /* Assets.xcassets in Resources */,
				5E8686F32719E5EA00A65DF4 /* Assets.xcassets in Resources */,
				5E4741FB271824CE001E0E11 /* MainInterface.storyboard in Resources */,
				5EB9228F271D2BD800A2CF7B /* Localizable.strings in Resources */,
			);
			runOnlyForDeploymentPostprocessing = 0;
		};
/* End PBXResourcesBuildPhase section */

/* Begin PBXSourcesBuildPhase section */
		5E4741D327181B24001E0E11 /* Sources */ = {
			isa = PBXSourcesBuildPhase;
			buildActionMask = 2147483647;
			files = (
				5E47420A2718386F001E0E11 /* MessagesViewController.swift in Sources */,
				5E4741E427181B25001E0E11 /* Persistence.swift in Sources */,
				5E8686FB271A052700A65DF4 /* UIImagePickerView.swift in Sources */,
				5E4741DD27181B24001E0E11 /* ContentView.swift in Sources */,
				5EB9225A271AC10200A2CF7B /* AuxTool.swift in Sources */,
				5E47420B27183878001E0E11 /* CustomStickerView.swift in Sources */,
				5E8686F9271A052700A65DF4 /* ImagePickerView.swift in Sources */,
				5E4741E727181B25001E0E11 /* xSticker.xcdatamodeld in Sources */,
				5E8686E62718A51C00A65DF4 /* Persistence+Operate.swift in Sources */,
				5E4741DB27181B24001E0E11 /* xStickerApp.swift in Sources */,
				5E8686EB2719764100A65DF4 /* StickerManager.swift in Sources */,
			);
			runOnlyForDeploymentPostprocessing = 0;
		};
		5E4741EE271824CE001E0E11 /* Sources */ = {
			isa = PBXSourcesBuildPhase;
			buildActionMask = 2147483647;
			files = (
				5EB92293271D883000A2CF7B /* Persistence+Operate.swift in Sources */,
				5E47420C271838F8001E0E11 /* Persistence.swift in Sources */,
				5E4741F8271824CE001E0E11 /* MessagesViewController.swift in Sources */,
				5E47420D2718392A001E0E11 /* xSticker.xcdatamodeld in Sources */,
				5E8686FC271A052700A65DF4 /* UIImagePickerView.swift in Sources */,
				5EB9225B271AC10200A2CF7B /* AuxTool.swift in Sources */,
				5E8686EC2719764100A65DF4 /* StickerManager.swift in Sources */,
				5E8686FA271A052700A65DF4 /* ImagePickerView.swift in Sources */,
				5E474208271825AF001E0E11 /* CustomStickerView.swift in Sources */,
			);
			runOnlyForDeploymentPostprocessing = 0;
		};
/* End PBXSourcesBuildPhase section */

/* Begin PBXTargetDependency section */
		5E474200271824D0001E0E11 /* PBXTargetDependency */ = {
			isa = PBXTargetDependency;
			target = 5E4741F1271824CE001E0E11 /* iMsgExtPart */;
			targetProxy = 5E4741FF271824D0001E0E11 /* PBXContainerItemProxy */;
		};
/* End PBXTargetDependency section */

/* Begin PBXVariantGroup section */
		5E4741F9271824CE001E0E11 /* MainInterface.storyboard */ = {
			isa = PBXVariantGroup;
			children = (
				5E4741FA271824CE001E0E11 /* Base */,
			);
			name = MainInterface.storyboard;
			sourceTree = "<group>";
		};
		5EB92291271D2BD800A2CF7B /* Localizable.strings */ = {
			isa = PBXVariantGroup;
			children = (
				5EB92290271D2BD800A2CF7B /* en */,
				5EB92292271D2BE700A2CF7B /* zh-Hans */,
			);
			name = Localizable.strings;
			sourceTree = "<group>";
		};
/* End PBXVariantGroup section */

/* Begin XCBuildConfiguration section */
		5E4741E927181B25001E0E11 /* Debug */ = {
			isa = XCBuildConfiguration;
			buildSettings = {
				ALWAYS_SEARCH_USER_PATHS = NO;
				CLANG_ANALYZER_LOCALIZABILITY_NONLOCALIZED = YES;
				CLANG_ANALYZER_NONNULL = YES;
				CLANG_ANALYZER_NUMBER_OBJECT_CONVERSION = YES_AGGRESSIVE;
				CLANG_CXX_LANGUAGE_STANDARD = "gnu++14";
				CLANG_CXX_LIBRARY = "libc++";
				CLANG_ENABLE_MODULES = YES;
				CLANG_ENABLE_OBJC_ARC = YES;
				CLANG_ENABLE_OBJC_WEAK = YES;
				CLANG_WARN_BLOCK_CAPTURE_AUTORELEASING = YES;
				CLANG_WARN_BOOL_CONVERSION = YES;
				CLANG_WARN_COMMA = YES;
				CLANG_WARN_CONSTANT_CONVERSION = YES;
				CLANG_WARN_DEPRECATED_OBJC_IMPLEMENTATIONS = YES;
				CLANG_WARN_DIRECT_OBJC_ISA_USAGE = YES_ERROR;
				CLANG_WARN_DOCUMENTATION_COMMENTS = YES;
				CLANG_WARN_EMPTY_BODY = YES;
				CLANG_WARN_ENUM_CONVERSION = YES;
				CLANG_WARN_INFINITE_RECURSION = YES;
				CLANG_WARN_INT_CONVERSION = YES;
				CLANG_WARN_NON_LITERAL_NULL_CONVERSION = YES;
				CLANG_WARN_OBJC_IMPLICIT_RETAIN_SELF = YES;
				CLANG_WARN_OBJC_LITERAL_CONVERSION = YES;
				CLANG_WARN_OBJC_ROOT_CLASS = YES_ERROR;
				CLANG_WARN_QUOTED_INCLUDE_IN_FRAMEWORK_HEADER = YES;
				CLANG_WARN_RANGE_LOOP_ANALYSIS = YES;
				CLANG_WARN_STRICT_PROTOTYPES = YES;
				CLANG_WARN_SUSPICIOUS_MOVE = YES;
				CLANG_WARN_UNGUARDED_AVAILABILITY = YES_AGGRESSIVE;
				CLANG_WARN_UNREACHABLE_CODE = YES;
				CLANG_WARN__DUPLICATE_METHOD_MATCH = YES;
				COPY_PHASE_STRIP = NO;
				DEBUG_INFORMATION_FORMAT = dwarf;
				ENABLE_STRICT_OBJC_MSGSEND = YES;
				ENABLE_TESTABILITY = YES;
				GCC_C_LANGUAGE_STANDARD = gnu11;
				GCC_DYNAMIC_NO_PIC = NO;
				GCC_NO_COMMON_BLOCKS = YES;
				GCC_OPTIMIZATION_LEVEL = 0;
				GCC_PREPROCESSOR_DEFINITIONS = (
					"DEBUG=1",
					"$(inherited)",
				);
				GCC_WARN_64_TO_32_BIT_CONVERSION = YES;
				GCC_WARN_ABOUT_RETURN_TYPE = YES_ERROR;
				GCC_WARN_UNDECLARED_SELECTOR = YES;
				GCC_WARN_UNINITIALIZED_AUTOS = YES_AGGRESSIVE;
				GCC_WARN_UNUSED_FUNCTION = YES;
				GCC_WARN_UNUSED_VARIABLE = YES;
				IPHONEOS_DEPLOYMENT_TARGET = 14.5;
				MTL_ENABLE_DEBUG_INFO = INCLUDE_SOURCE;
				MTL_FAST_MATH = YES;
				ONLY_ACTIVE_ARCH = YES;
				SDKROOT = iphoneos;
				SWIFT_ACTIVE_COMPILATION_CONDITIONS = DEBUG;
				SWIFT_OPTIMIZATION_LEVEL = "-Onone";
			};
			name = Debug;
		};
		5E4741EA27181B25001E0E11 /* Release */ = {
			isa = XCBuildConfiguration;
			buildSettings = {
				ALWAYS_SEARCH_USER_PATHS = NO;
				CLANG_ANALYZER_LOCALIZABILITY_NONLOCALIZED = YES;
				CLANG_ANALYZER_NONNULL = YES;
				CLANG_ANALYZER_NUMBER_OBJECT_CONVERSION = YES_AGGRESSIVE;
				CLANG_CXX_LANGUAGE_STANDARD = "gnu++14";
				CLANG_CXX_LIBRARY = "libc++";
				CLANG_ENABLE_MODULES = YES;
				CLANG_ENABLE_OBJC_ARC = YES;
				CLANG_ENABLE_OBJC_WEAK = YES;
				CLANG_WARN_BLOCK_CAPTURE_AUTORELEASING = YES;
				CLANG_WARN_BOOL_CONVERSION = YES;
				CLANG_WARN_COMMA = YES;
				CLANG_WARN_CONSTANT_CONVERSION = YES;
				CLANG_WARN_DEPRECATED_OBJC_IMPLEMENTATIONS = YES;
				CLANG_WARN_DIRECT_OBJC_ISA_USAGE = YES_ERROR;
				CLANG_WARN_DOCUMENTATION_COMMENTS = YES;
				CLANG_WARN_EMPTY_BODY = YES;
				CLANG_WARN_ENUM_CONVERSION = YES;
				CLANG_WARN_INFINITE_RECURSION = YES;
				CLANG_WARN_INT_CONVERSION = YES;
				CLANG_WARN_NON_LITERAL_NULL_CONVERSION = YES;
				CLANG_WARN_OBJC_IMPLICIT_RETAIN_SELF = YES;
				CLANG_WARN_OBJC_LITERAL_CONVERSION = YES;
				CLANG_WARN_OBJC_ROOT_CLASS = YES_ERROR;
				CLANG_WARN_QUOTED_INCLUDE_IN_FRAMEWORK_HEADER = YES;
				CLANG_WARN_RANGE_LOOP_ANALYSIS = YES;
				CLANG_WARN_STRICT_PROTOTYPES = YES;
				CLANG_WARN_SUSPICIOUS_MOVE = YES;
				CLANG_WARN_UNGUARDED_AVAILABILITY = YES_AGGRESSIVE;
				CLANG_WARN_UNREACHABLE_CODE = YES;
				CLANG_WARN__DUPLICATE_METHOD_MATCH = YES;
				COPY_PHASE_STRIP = NO;
				DEBUG_INFORMATION_FORMAT = "dwarf-with-dsym";
				ENABLE_NS_ASSERTIONS = NO;
				ENABLE_STRICT_OBJC_MSGSEND = YES;
				GCC_C_LANGUAGE_STANDARD = gnu11;
				GCC_NO_COMMON_BLOCKS = YES;
				GCC_WARN_64_TO_32_BIT_CONVERSION = YES;
				GCC_WARN_ABOUT_RETURN_TYPE = YES_ERROR;
				GCC_WARN_UNDECLARED_SELECTOR = YES;
				GCC_WARN_UNINITIALIZED_AUTOS = YES_AGGRESSIVE;
				GCC_WARN_UNUSED_FUNCTION = YES;
				GCC_WARN_UNUSED_VARIABLE = YES;
				IPHONEOS_DEPLOYMENT_TARGET = 14.5;
				MTL_ENABLE_DEBUG_INFO = NO;
				MTL_FAST_MATH = YES;
				SDKROOT = iphoneos;
				SWIFT_COMPILATION_MODE = wholemodule;
				SWIFT_OPTIMIZATION_LEVEL = "-O";
				VALIDATE_PRODUCT = YES;
			};
			name = Release;
		};
		5E4741EC27181B25001E0E11 /* Debug */ = {
			isa = XCBuildConfiguration;
			buildSettings = {
				ALWAYS_EMBED_SWIFT_STANDARD_LIBRARIES = YES;
				ASSETCATALOG_COMPILER_APPICON_NAME = AppIcon;
				ASSETCATALOG_COMPILER_GLOBAL_ACCENT_COLOR_NAME = AccentColor;
				CODE_SIGN_ENTITLEMENTS = xSticker/xSticker.entitlements;
				CODE_SIGN_STYLE = Automatic;
				DEVELOPMENT_ASSET_PATHS = "\"xSticker/Preview Content\"";
				DEVELOPMENT_TEAM = 25LKBCVZX2;
				ENABLE_PREVIEWS = YES;
				INFOPLIST_FILE = xSticker/Info.plist;
				IPHONEOS_DEPLOYMENT_TARGET = 14.0;
				LD_RUNPATH_SEARCH_PATHS = (
					"$(inherited)",
					"@executable_path/Frameworks",
				);
				PRODUCT_BUNDLE_IDENTIFIER = "xclz-studio.xSticker";
				PRODUCT_NAME = "$(TARGET_NAME)";
				SWIFT_VERSION = 5.0;
				TARGETED_DEVICE_FAMILY = "1,2";
			};
			name = Debug;
		};
		5E4741ED27181B25001E0E11 /* Release */ = {
			isa = XCBuildConfiguration;
			buildSettings = {
				ALWAYS_EMBED_SWIFT_STANDARD_LIBRARIES = YES;
				ASSETCATALOG_COMPILER_APPICON_NAME = AppIcon;
				ASSETCATALOG_COMPILER_GLOBAL_ACCENT_COLOR_NAME = AccentColor;
				CODE_SIGN_ENTITLEMENTS = xSticker/xSticker.entitlements;
				CODE_SIGN_STYLE = Automatic;
				DEVELOPMENT_ASSET_PATHS = "\"xSticker/Preview Content\"";
				DEVELOPMENT_TEAM = 25LKBCVZX2;
				ENABLE_PREVIEWS = YES;
				INFOPLIST_FILE = xSticker/Info.plist;
				IPHONEOS_DEPLOYMENT_TARGET = 14.0;
				LD_RUNPATH_SEARCH_PATHS = (
					"$(inherited)",
					"@executable_path/Frameworks",
				);
				PRODUCT_BUNDLE_IDENTIFIER = "xclz-studio.xSticker";
				PRODUCT_NAME = "$(TARGET_NAME)";
				SWIFT_VERSION = 5.0;
				TARGETED_DEVICE_FAMILY = "1,2";
			};
			name = Release;
		};
		5E474203271824D0001E0E11 /* Debug */ = {
			isa = XCBuildConfiguration;
			buildSettings = {
				ASSETCATALOG_COMPILER_APPICON_NAME = "iMessage App Icon";
				CODE_SIGN_ENTITLEMENTS = iMsgExtPart/iMsgExtPart.entitlements;
				CODE_SIGN_STYLE = Automatic;
				DEVELOPMENT_TEAM = 25LKBCVZX2;
				INFOPLIST_FILE = iMsgExtPart/Info.plist;
				LD_RUNPATH_SEARCH_PATHS = (
					"$(inherited)",
					"@executable_path/Frameworks",
					"@executable_path/../../Frameworks",
				);
				PRODUCT_BUNDLE_IDENTIFIER = "xclz-studio.xSticker.iMsgExtPart";
				PRODUCT_NAME = "$(TARGET_NAME)";
				SKIP_INSTALL = YES;
				SWIFT_VERSION = 5.0;
				TARGETED_DEVICE_FAMILY = "1,2";
			};
			name = Debug;
		};
		5E474204271824D0001E0E11 /* Release */ = {
			isa = XCBuildConfiguration;
			buildSettings = {
				ASSETCATALOG_COMPILER_APPICON_NAME = "iMessage App Icon";
				CODE_SIGN_ENTITLEMENTS = iMsgExtPart/iMsgExtPart.entitlements;
				CODE_SIGN_STYLE = Automatic;
				DEVELOPMENT_TEAM = 25LKBCVZX2;
				INFOPLIST_FILE = iMsgExtPart/Info.plist;
				LD_RUNPATH_SEARCH_PATHS = (
					"$(inherited)",
					"@executable_path/Frameworks",
					"@executable_path/../../Frameworks",
				);
				PRODUCT_BUNDLE_IDENTIFIER = "xclz-studio.xSticker.iMsgExtPart";
				PRODUCT_NAME = "$(TARGET_NAME)";
				SKIP_INSTALL = YES;
				SWIFT_VERSION = 5.0;
				TARGETED_DEVICE_FAMILY = "1,2";
			};
			name = Release;
		};
/* End XCBuildConfiguration section */

/* Begin XCConfigurationList section */
		5E4741D227181B24001E0E11 /* Build configuration list for PBXProject "xSticker" */ = {
			isa = XCConfigurationList;
			buildConfigurations = (
				5E4741E927181B25001E0E11 /* Debug */,
				5E4741EA27181B25001E0E11 /* Release */,
			);
			defaultConfigurationIsVisible = 0;
			defaultConfigurationName = Release;
		};
		5E4741EB27181B25001E0E11 /* Build configuration list for PBXNativeTarget "xSticker" */ = {
			isa = XCConfigurationList;
			buildConfigurations = (
				5E4741EC27181B25001E0E11 /* Debug */,
				5E4741ED27181B25001E0E11 /* Release */,
			);
			defaultConfigurationIsVisible = 0;
			defaultConfigurationName = Release;
		};
		5E474202271824D0001E0E11 /* Build configuration list for PBXNativeTarget "iMsgExtPart" */ = {
			isa = XCConfigurationList;
			buildConfigurations = (
				5E474203271824D0001E0E11 /* Debug */,
				5E474204271824D0001E0E11 /* Release */,
			);
			defaultConfigurationIsVisible = 0;
			defaultConfigurationName = Release;
		};
/* End XCConfigurationList section */

/* Begin XCVersionGroup section */
		5E4741E527181B25001E0E11 /* xSticker.xcdatamodeld */ = {
			isa = XCVersionGroup;
			children = (
				5E4741E627181B25001E0E11 /* xSticker.xcdatamodel */,
			);
			currentVersion = 5E4741E627181B25001E0E11 /* xSticker.xcdatamodel */;
			path = xSticker.xcdatamodeld;
			sourceTree = "<group>";
			versionGroupType = wrapper.xcdatamodel;
		};
/* End XCVersionGroup section */
	};
	rootObject = 5E4741CF27181B24001E0E11 /* Project object */;
}
